{
    "_meta": {
        "hash": {
            "sha256": "7be1d50fd9ad02c0947bc225a97a8d1f4d71b7cb3edfa3e9cbc2ce2468ecccad"
        },
        "pipfile-spec": 6,
        "requires": {
            "python_version": "3.9"
        },
        "sources": [
            {
                "name": "pypi",
                "url": "https://pypi.org/simple",
                "verify_ssl": true
            }
        ]
    },
    "default": {
        "attrs": {
            "hashes": [
                "sha256:149e90d6d8ac20db7a955ad60cf0e6881a3f20d37096140088356da6c716b0b1",
                "sha256:ef6aaac3ca6cd92904cdd0d83f629a15f18053ec84e6432106f7a4d04ae4f5fb"
            ],
            "markers": "python_version >= '2.7' and python_version not in '3.0, 3.1, 3.2, 3.3, 3.4'",
            "version": "==21.2.0"
        },
        "bcrypt": {
            "hashes": [
                "sha256:5b93c1726e50a93a033c36e5ca7fdcd29a5c7395af50a6892f5d9e7c6cfbfb29",
                "sha256:63d4e3ff96188e5898779b6057878fecf3f11cfe6ec3b313ea09955d587ec7a7",
                "sha256:81fec756feff5b6818ea7ab031205e1d323d8943d237303baca2c5f9c7846f34",
                "sha256:a67fb841b35c28a59cebed05fbd3e80eea26e6d75851f0574a9273c80f3e9b55",
                "sha256:c95d4cbebffafcdd28bd28bb4e25b31c50f6da605c81ffd9ad8a3d1b2ab7b1b6",
                "sha256:cd1ea2ff3038509ea95f687256c46b79f5fc382ad0aa3664d200047546d511d1",
                "sha256:cdcdcb3972027f83fe24a48b1e90ea4b584d35f1cc279d76de6fc4b13376239d"
            ],
            "markers": "python_version >= '3.6'",
            "version": "==3.2.0"
        },
        "cffi": {
            "hashes": [
                "sha256:00c878c90cb53ccfaae6b8bc18ad05d2036553e6d9d1d9dbcf323bbe83854ca3",
                "sha256:0104fb5ae2391d46a4cb082abdd5c69ea4eab79d8d44eaaf79f1b1fd806ee4c2",
                "sha256:06c48159c1abed75c2e721b1715c379fa3200c7784271b3c46df01383b593636",
                "sha256:0808014eb713677ec1292301ea4c81ad277b6cdf2fdd90fd540af98c0b101d20",
                "sha256:10dffb601ccfb65262a27233ac273d552ddc4d8ae1bf93b21c94b8511bffe728",
                "sha256:14cd121ea63ecdae71efa69c15c5543a4b5fbcd0bbe2aad864baca0063cecf27",
                "sha256:17771976e82e9f94976180f76468546834d22a7cc404b17c22df2a2c81db0c66",
                "sha256:181dee03b1170ff1969489acf1c26533710231c58f95534e3edac87fff06c443",
                "sha256:23cfe892bd5dd8941608f93348c0737e369e51c100d03718f108bf1add7bd6d0",
                "sha256:263cc3d821c4ab2213cbe8cd8b355a7f72a8324577dc865ef98487c1aeee2bc7",
                "sha256:2756c88cbb94231c7a147402476be2c4df2f6078099a6f4a480d239a8817ae39",
                "sha256:27c219baf94952ae9d50ec19651a687b826792055353d07648a5695413e0c605",
                "sha256:2a23af14f408d53d5e6cd4e3d9a24ff9e05906ad574822a10563efcef137979a",
                "sha256:31fb708d9d7c3f49a60f04cf5b119aeefe5644daba1cd2a0fe389b674fd1de37",
                "sha256:3415c89f9204ee60cd09b235810be700e993e343a408693e80ce7f6a40108029",
                "sha256:3773c4d81e6e818df2efbc7dd77325ca0dcb688116050fb2b3011218eda36139",
                "sha256:3b96a311ac60a3f6be21d2572e46ce67f09abcf4d09344c49274eb9e0bf345fc",
                "sha256:3f7d084648d77af029acb79a0ff49a0ad7e9d09057a9bf46596dac9514dc07df",
                "sha256:41d45de54cd277a7878919867c0f08b0cf817605e4eb94093e7516505d3c8d14",
                "sha256:4238e6dab5d6a8ba812de994bbb0a79bddbdf80994e4ce802b6f6f3142fcc880",
                "sha256:45db3a33139e9c8f7c09234b5784a5e33d31fd6907800b316decad50af323ff2",
                "sha256:45e8636704eacc432a206ac7345a5d3d2c62d95a507ec70d62f23cd91770482a",
                "sha256:4958391dbd6249d7ad855b9ca88fae690783a6be9e86df65865058ed81fc860e",
                "sha256:4a306fa632e8f0928956a41fa8e1d6243c71e7eb59ffbd165fc0b41e316b2474",
                "sha256:57e9ac9ccc3101fac9d6014fba037473e4358ef4e89f8e181f8951a2c0162024",
                "sha256:59888172256cac5629e60e72e86598027aca6bf01fa2465bdb676d37636573e8",
                "sha256:5e069f72d497312b24fcc02073d70cb989045d1c91cbd53979366077959933e0",
                "sha256:64d4ec9f448dfe041705426000cc13e34e6e5bb13736e9fd62e34a0b0c41566e",
                "sha256:6dc2737a3674b3e344847c8686cf29e500584ccad76204efea14f451d4cc669a",
                "sha256:74fdfdbfdc48d3f47148976f49fab3251e550a8720bebc99bf1483f5bfb5db3e",
                "sha256:75e4024375654472cc27e91cbe9eaa08567f7fbdf822638be2814ce059f58032",
                "sha256:786902fb9ba7433aae840e0ed609f45c7bcd4e225ebb9c753aa39725bb3e6ad6",
                "sha256:8b6c2ea03845c9f501ed1313e78de148cd3f6cad741a75d43a29b43da27f2e1e",
                "sha256:91d77d2a782be4274da750752bb1650a97bfd8f291022b379bb8e01c66b4e96b",
                "sha256:91ec59c33514b7c7559a6acda53bbfe1b283949c34fe7440bcf917f96ac0723e",
                "sha256:920f0d66a896c2d99f0adbb391f990a84091179542c205fa53ce5787aff87954",
                "sha256:a5263e363c27b653a90078143adb3d076c1a748ec9ecc78ea2fb916f9b861962",
                "sha256:abb9a20a72ac4e0fdb50dae135ba5e77880518e742077ced47eb1499e29a443c",
                "sha256:c2051981a968d7de9dd2d7b87bcb9c939c74a34626a6e2f8181455dd49ed69e4",
                "sha256:c21c9e3896c23007803a875460fb786118f0cdd4434359577ea25eb556e34c55",
                "sha256:c2502a1a03b6312837279c8c1bd3ebedf6c12c4228ddbad40912d671ccc8a962",
                "sha256:d4d692a89c5cf08a8557fdeb329b82e7bf609aadfaed6c0d79f5a449a3c7c023",
                "sha256:da5db4e883f1ce37f55c667e5c0de439df76ac4cb55964655906306918e7363c",
                "sha256:e7022a66d9b55e93e1a845d8c9eba2a1bebd4966cd8bfc25d9cd07d515b33fa6",
                "sha256:ef1f279350da2c586a69d32fc8733092fd32cc8ac95139a00377841f59a3f8d8",
                "sha256:f54a64f8b0c8ff0b64d18aa76675262e1700f3995182267998c31ae974fbc382",
                "sha256:f5c7150ad32ba43a07c4479f40241756145a1f03b43480e058cfd862bf5041c7",
                "sha256:f6f824dc3bce0edab5f427efcfb1d63ee75b6fcb7282900ccaf925be84efb0fc",
                "sha256:fd8a250edc26254fe5b33be00402e6d287f562b6a5b2152dec302fa15bb3e997",
                "sha256:ffaa5c925128e29efbde7301d8ecaf35c8c60ffbcd6a1ffd3a552177c8e5e796"
            ],
            "version": "==1.15.0"
        },
        "click": {
            "hashes": [
                "sha256:353f466495adaeb40b6b5f592f9f91cb22372351c84caeb068132442a4518ef3",
                "sha256:410e932b050f5eed773c4cda94de75971c89cdb3155a72a0831139a79e5ecb5b"
            ],
            "markers": "python_version >= '3.6'",
            "version": "==8.0.3"
        },
        "cryptography": {
            "hashes": [
                "sha256:07bb7fbfb5de0980590ddfc7f13081520def06dc9ed214000ad4372fb4e3c7f6",
                "sha256:18d90f4711bf63e2fb21e8c8e51ed8189438e6b35a6d996201ebd98a26abbbe6",
                "sha256:1ed82abf16df40a60942a8c211251ae72858b25b7421ce2497c2eb7a1cee817c",
                "sha256:22a38e96118a4ce3b97509443feace1d1011d0571fae81fc3ad35f25ba3ea999",
                "sha256:2d69645f535f4b2c722cfb07a8eab916265545b3475fdb34e0be2f4ee8b0b15e",
                "sha256:4a2d0e0acc20ede0f06ef7aa58546eee96d2592c00f450c9acb89c5879b61992",
                "sha256:54b2605e5475944e2213258e0ab8696f4f357a31371e538ef21e8d61c843c28d",
                "sha256:7075b304cd567694dc692ffc9747f3e9cb393cc4aa4fb7b9f3abd6f5c4e43588",
                "sha256:7b7ceeff114c31f285528ba8b390d3e9cfa2da17b56f11d366769a807f17cbaa",
                "sha256:7eba2cebca600a7806b893cb1d541a6e910afa87e97acf2021a22b32da1df52d",
                "sha256:928185a6d1ccdb816e883f56ebe92e975a262d31cc536429041921f8cb5a62fd",
                "sha256:9933f28f70d0517686bd7de36166dda42094eac49415459d9bdf5e7df3e0086d",
                "sha256:a688ebcd08250eab5bb5bca318cc05a8c66de5e4171a65ca51db6bd753ff8953",
                "sha256:abb5a361d2585bb95012a19ed9b2c8f412c5d723a9836418fab7aaa0243e67d2",
                "sha256:c10c797ac89c746e488d2ee92bd4abd593615694ee17b2500578b63cad6b93a8",
                "sha256:ced40344e811d6abba00295ced98c01aecf0c2de39481792d87af4fa58b7b4d6",
                "sha256:d57e0cdc1b44b6cdf8af1d01807db06886f10177469312fbde8f44ccbb284bc9",
                "sha256:d99915d6ab265c22873f1b4d6ea5ef462ef797b4140be4c9d8b179915e0985c6",
                "sha256:eb80e8a1f91e4b7ef8b33041591e6d89b2b8e122d787e87eeb2b08da71bb16ad",
                "sha256:ebeddd119f526bcf323a89f853afb12e225902a24d29b55fe18dd6fcb2838a76"
            ],
            "markers": "python_version >= '3.6'",
            "version": "==35.0.0"
        },
        "iniconfig": {
            "hashes": [
                "sha256:011e24c64b7f47f6ebd835bb12a743f2fbe9a26d4cecaa7f53bc4f35ee9da8b3",
                "sha256:bc3af051d7d14b2ee5ef9969666def0cd1a000e121eaea580d4a313df4b37f32"
            ],
            "version": "==1.1.1"
        },
        "packaging": {
            "hashes": [
                "sha256:096d689d78ca690e4cd8a89568ba06d07ca097e3306a4381635073ca91479966",
                "sha256:14317396d1e8cdb122989b916fa2c7e9ca8e2be9e8060a6eff75b6b7b4d8a7e0"
            ],
            "markers": "python_version >= '3.6'",
            "version": "==21.2"
        },
        "paramiko": {
            "hashes": [
                "sha256:def3ec612399bab4e9f5eb66b0ae5983980db9dd9120d9e9c6ea3ff673865d1c",
                "sha256:e673b10ee0f1c80d46182d3af7751d033d9b573dd7054d2d0aa46be186c3c1d2"
            ],
            "version": "==2.8.0"
        },
        "pint": {
            "hashes": [
                "sha256:4b37f3c470639ea6f96b0026c3364bde30631fa737092bdaf18ad3f4f76f252f",
                "sha256:8c4bce884c269051feb7abc69dbfd18403c0c764abc83da132e8a7222f8ba801"
            ],
            "markers": "python_version >= '3.7'",
            "version": "==0.18"
        },
        "pluggy": {
            "hashes": [
                "sha256:4224373bacce55f955a878bf9cfa763c1e360858e330072059e10bad68531159",
                "sha256:74134bbf457f031a36d68416e1509f34bd5ccc019f0bcc952c7b909d06b37bd3"
            ],
            "markers": "python_version >= '3.6'",
            "version": "==1.0.0"
        },
        "py": {
            "hashes": [
                "sha256:51c75c4126074b472f746a24399ad32f6053d1b34b68d2fa41e558e6f4a98719",
                "sha256:607c53218732647dff4acdfcd50cb62615cedf612e72d1724fb1a0cc6405b378"
            ],
            "markers": "python_version >= '2.7' and python_version not in '3.0, 3.1, 3.2, 3.3, 3.4'",
            "version": "==1.11.0"
        },
        "pycparser": {
            "hashes": [
                "sha256:2d475327684562c3a96cc71adf7dc8c4f0565175cf86b6d7a404ff4c771f15f0",
                "sha256:7582ad22678f0fcd81102833f60ef8d0e57288b6b5fb00323d101be910e35705"
            ],
            "markers": "python_version >= '2.7' and python_version not in '3.0, 3.1, 3.2, 3.3'",
            "version": "==2.20"
        },
        "pyfrc": {
            "hashes": [
                "sha256:410156d2c31e69dd67ea30f264766085089c6bf5dc30d417b90cd36e111da8d5",
                "sha256:88ae4eb5bc912372c45f3974a8255b6f906a8f12827c2700c455e9a4119b94bc"
            ],
            "markers": "platform_machine != 'armv7l'",
            "version": "==2021.1.2"
        },
        "pynacl": {
            "hashes": [
                "sha256:06cbb4d9b2c4bd3c8dc0d267416aaed79906e7b33f114ddbf0911969794b1cc4",
                "sha256:11335f09060af52c97137d4ac54285bcb7df0cef29014a1a4efe64ac065434c4",
                "sha256:2fe0fc5a2480361dcaf4e6e7cea00e078fcda07ba45f811b167e3f99e8cff574",
                "sha256:30f9b96db44e09b3304f9ea95079b1b7316b2b4f3744fe3aaecccd95d547063d",
                "sha256:4e10569f8cbed81cb7526ae137049759d2a8d57726d52c1a000a3ce366779634",
                "sha256:511d269ee845037b95c9781aa702f90ccc36036f95d0f31373a6a79bd8242e25",
                "sha256:537a7ccbea22905a0ab36ea58577b39d1fa9b1884869d173b5cf111f006f689f",
                "sha256:54e9a2c849c742006516ad56a88f5c74bf2ce92c9f67435187c3c5953b346505",
                "sha256:757250ddb3bff1eecd7e41e65f7f833a8405fede0194319f87899690624f2122",
                "sha256:7757ae33dae81c300487591c68790dfb5145c7d03324000433d9a2c141f82af7",
                "sha256:7c6092102219f59ff29788860ccb021e80fffd953920c4a8653889c029b2d420",
                "sha256:8122ba5f2a2169ca5da936b2e5a511740ffb73979381b4229d9188f6dcb22f1f",
                "sha256:9c4a7ea4fb81536c1b1f5cc44d54a296f96ae78c1ebd2311bd0b60be45a48d96",
                "sha256:c914f78da4953b33d4685e3cdc7ce63401247a21425c16a39760e282075ac4a6",
                "sha256:cd401ccbc2a249a47a3a1724c2918fcd04be1f7b54eb2a5a71ff915db0ac51c6",
                "sha256:d452a6746f0a7e11121e64625109bc4468fc3100452817001dbe018bb8b08514",
                "sha256:ea6841bc3a76fa4942ce00f3bda7d436fda21e2d91602b9e21b7ca9ecab8f3ff",
                "sha256:f8851ab9041756003119368c1e6cd0b9c631f46d686b3904b18c0139f4419f80"
            ],
            "markers": "python_version >= '2.7' and python_version not in '3.0, 3.1, 3.2, 3.3'",
            "version": "==1.4.0"
        },
        "pynetconsole": {
            "hashes": [
                "sha256:0b442dcb66905452935ec93a1a48efab9b95df2151580895bc0040196948fbb0"
            ],
            "version": "==2.0.2"
        },
        "pynetworktables": {
            "hashes": [
                "sha256:54604b1993515c43890be058263f158c1d168c69bedd802f0de644964cf3840d",
                "sha256:91167948e66c29d5c90f85f3e249403f4d2ebf11368b93f9b968ef315388c73c"
            ],
            "markers": "python_version >= '3.5'",
            "version": "==2021.0.0"
        },
        "pyntcore": {
            "hashes": [
                "sha256:00826085426e06b23140317ba8127cc9fb8d6f7a433855fc6479490b335d6ce7",
                "sha256:17cb3c1294e51a08844cad08ddbd555c2901867a921ea8b65c2ed86bd1832244",
                "sha256:1a21af856025ecd0ee6019053bfdb5f2d9c45f0a3a9dd28c3a8bafc164f84587",
                "sha256:1f803418f12fd69582d5bcff7aa813d4b0265e8ee290d80b58459809e23f6a50",
                "sha256:2d0049911bfd92cc3d9f9ae2bd0911391c49f1fe64afe057f575fb534427a2af",
                "sha256:3ab56ade94f80a60724f058df363a867c7ef02e26d0d16492f94528ad23a14ae",
                "sha256:5594ab6e91a014613631ef8e4c190fd2e246b43097082d0bdf94ca256a3d6dc5",
                "sha256:55e68d0e576ee896c8706553e132a1f9fd2fac2ab31cda4c82c24b0e9735ebda",
                "sha256:6906733aebe6aca95afc9175030772d32f11b82f6f1b4951e0db4fbd9f34362d",
                "sha256:6a26d8b2e2e9fe72d996ce4c52358810989ac66470ef788fd8213dc76b844030",
                "sha256:6e65062fe2363e4cbcd3c2e049dc4d5ec23ddbb8fccb2f6b23534f34b964697f",
                "sha256:8deed3b95b41d4aa3433b3bf8c0b6467a9bfe10b1e5f92c5610ddf3c7f9e2be5",
                "sha256:a02feef460e26e9d7b553456891a1e4e9ed5d01f1e7b4c66c884e0a04a49a7a3",
                "sha256:a93eb5be2417d5a8c6c28eb6f843bf7893b173d1a7af721aea4239e6437ed633",
                "sha256:bd57edbbb598c5eee62b1d2cc3cf555051bb0022b4b1995c10c13a070afd4906",
                "sha256:e53a129eefd5937fc8f012662b56ee002a0cfa47c54a711cf8ec0ee17d397c94",
                "sha256:e6da7f1fb710c328affc187b5f7ff67e2f4bd74203bf952c7888cf69d865f599"
            ],
            "markers": "python_version >= '3.6'",
            "version": "==2021.3.1.0"
        },
        "pyparsing": {
            "hashes": [
                "sha256:c203ec8783bf771a155b207279b9bccb8dea02d8f0c9e5f8ead507bc3246ecc1",
                "sha256:ef9d7589ef3c200abe66653d3f1ab1033c3c419ae9b9bdb1240a85b024efc88b"
            ],
            "markers": "python_version >= '2.6' and python_version not in '3.0, 3.1, 3.2'",
            "version": "==2.4.7"
        },
        "pytest": {
            "hashes": [
                "sha256:131b36680866a76e6781d13f101efb86cf674ebb9762eb70d3082b6f29889e89",
                "sha256:7310f8d27bc79ced999e760ca304d69f6ba6c6649c0b60fb0e04a4a77cacc134"
            ],
            "markers": "python_version >= '3.6'",
            "version": "==6.2.5"
        },
        "robotpy": {
            "hashes": [
                "sha256:dd805372d3f49d42eb6e11a2496f0e9f9a79a9edb3d2c5c700714e87df0aa3af",
                "sha256:f9db809a6278546b10fbdbbfab769eade6c7801ab1c90825030ba7151caaf972"
            ],
            "index": "pypi",
            "version": "==2021.2.9"
        },
        "robotpy-hal": {
            "hashes": [
                "sha256:12b70d4d83c60bab687613433ac343b50e624efe9d6adffa335139bf8a23d0a7",
                "sha256:18be10bd55af6fd6bacc3e968e6ee02717d745f379cd9dfbb92f7981b492bc87",
                "sha256:2178e955b0c501e52cc2c5a653cf76305b07a0b713543d4ee86cd61103e46e65",
                "sha256:262953e578ad089dafba830ecd13b7ff9174ee2581cd6540b08e6606d0311892",
                "sha256:3cdafc2f6ac3f4dfb103ac82c543346e77718a2a9cab663a2dc33a04413704a5",
                "sha256:41449b43ada7d2e2892d1914beb52e88d30c9424491adab7a87709f2b5f9f51b",
                "sha256:6292324d21f1aa369f373dd8fcb9677d63d39264aa32aae967c5647a3a39af5a",
                "sha256:7854a34c1b239c1c754d15eaa053b8543177e3a7a5ca8b896754886591f674f5",
                "sha256:83ea0a340a1868717f395f607b471b4073f41b0953e05920b4f8e872cf7b9363",
                "sha256:9c1ce86d7e0b7e48c6ea0e265de8aa3caca359907f0e672b443b307f6fe7e646",
                "sha256:af78a2ebd12e4aa3f0cb915c89a9af0e3a5eecb5c1c8f230a425217e48683e8c",
                "sha256:bcdb020ad8a96dde0c95d0c8134365b3e559d2c9b7426fbc0674f8b285196653",
                "sha256:c098e09b87ef9eb2ca5d9035450a9b552abe2604f4d994e5740a5ab1e3451337",
                "sha256:d084377d72eaeca70e3577066df99cbdd9e60bed84fff1b1ae226034695d624e",
                "sha256:de0e9e0c94c6a050ca69577f9b83d50cf049c0eced357869d97cbc6b063765de",
                "sha256:f44a82b688ec3658b93d4a450fa0b832f00adf129bbbb4e16f3bffb6fabc6046",
                "sha256:fc3c2fd57cb55340e8ecb328cdc2d93652c6ef131dd4e950fb7b2f90c70af5d8"
            ],
            "markers": "python_version >= '3.6'",
            "version": "==2021.3.1.0"
        },
        "robotpy-halsim-gui": {
            "hashes": [
                "sha256:19e73267f18839583e68859f819c0e089119a04aea3f3d4b23b516583bf01c04",
                "sha256:1f4fbf738dea21c3017df3f1966948bf1680483535a6719a5f165a2ccfc6ddc5",
                "sha256:2d88d253af44dca7f705cfb2684d0bde1db7ea087a9b9a449c78146abe7d1c40",
                "sha256:34b3580281946ff9a4eaaf6a4eebd671155775ccb423063515325f0bf4a4513d",
                "sha256:35db2fa6a01ebc49e8735f0d9e97e014828517227a5bc337dd42d0a8faf42324",
                "sha256:400345c0a99d60bb4974ffe494135a7b69d46b6ec8498c2430730d8b83b1e33c",
                "sha256:5447ba95be2ca203e784f4575fe805406dcdbffb4ee93792a48613ded691924e",
                "sha256:5d1699028fd34cfef2fc42f93c386d3bc6339065e5f1b6845cafcbb07c068552",
                "sha256:63f93d7c591c1d0099eee181a71f9eefaed47f4f4ac7ec4a7c5ea829ac51e943",
                "sha256:647ccfd1d123d7902d01e177ffc742d5aa958840421a985c38ebbc4bf5318a37",
                "sha256:703df32da6ad595345b01a9d4ca59281b7c12e254fb3b6be53b1555c6b6dd8c0",
                "sha256:8e3e679ff75776b9e13070f22f9be5d6abefcba9009887b90ce409fe35cc14e0",
                "sha256:dd1895c08f1f3c00fea0764d9024c830d066c4a61e0782c90198d3a3d2f90d85",
                "sha256:e6ce5ccac03f042659a8c7431183abd03f41bf581a29dc9110067303e1a21363",
                "sha256:f5d5827c0424bb85184a32daeef04bf0daba93fc0c43f4f0d58531923bb978ee",
                "sha256:f91a6ff2ccb719665937629a393eb5d5c9b7c2c5cab48e1de30cd54d5876e777",
                "sha256:fa66bcb965e2f329239b5a7ddb48958d3213afac0d43fd69f5de7ee6920d7c96"
            ],
            "markers": "platform_machine != 'armv7l'",
            "version": "==2021.3.1.0"
        },
        "robotpy-installer": {
            "hashes": [
                "sha256:0ef6f71e755f7f280efd3000cc71c6488dcb436c6ecf04ea5b3acdbe4e15a5e9",
                "sha256:6868ccffe7e0670db3c3475533e8b9a9375a8d46a45fea7ba5c8e798edf42266"
            ],
            "markers": "platform_machine != 'armv7l'",
            "version": "==2021.0.3"
        },
        "robotpy-wpilib-utilities": {
            "hashes": [
                "sha256:11bc0ca34f1f11194da8223bf4629a3eb28c5c0e4e56d272c357cb633609b7f2",
                "sha256:ed57df3dfbc4db5999e78dc70190148fd39f090b34cfa42411b47db12763002b"
            ],
            "markers": "python_version >= '3.6'",
            "version": "==2021.0.1"
        },
        "robotpy-wpimath": {
            "hashes": [
                "sha256:00ce92ed68d4078fe09bf5172d0fbadb0ac6e89c5b138efd6208cf0740db5a4d",
                "sha256:0bb77b1cddde85661e4a3c1d37bd52902e4623766f35f6d0fd2c6f4ad0e17c98",
                "sha256:16f4ebf0f564611938c1cd4c0d424448e394309d99e5f133e5f220db08d77ec3",
                "sha256:18d83cbcf6f4379f592707f516e13b3b885fe6277638a38fb11491f9bffe227a",
                "sha256:26686b636af985511cccd7677b8aa9f147bde8157aec072c96512d28857ccbca",
                "sha256:3a716f90448a09fd40d519c6e4e6a8454a247ec19bd34c9144d967d055f46b6e",
                "sha256:4929f42ee742d6cab297309d5c99f4464c0a34df00f715b52b2066e77aa8d2e2",
                "sha256:4f7daf9ee60616472416b0b9bf1069ed9839a0c6de17af71e0398a0bed1040db",
                "sha256:5ceb18f2adb2ef83c8dbb6da7f458c109c2caf0659056bfdec101e77015d7836",
                "sha256:66cd285dea3350b64c45d8fa6f55b4e2c708523fe09efbfe06c4135e4cb64c21",
                "sha256:7725c70eb0d478278adbe264d713b13c79a539f3dfada1518186961a74b72305",
                "sha256:91903d55865c349b5467c3a8266c7932ad60b64a603133b10a5784990b9eab6c",
                "sha256:be1fcef8fdd6a50eb8ab8702cf9910c35e135e35683bc43284e3f5b014addaf0",
                "sha256:cf94a3e4c1eedbf7636ddb4e2ac63f7713cf053d00233d9ec710e495fddb7967",
                "sha256:dbd0dbfefec6c74c11ab7e33c9a422ac4e67ffe61ba450763643befad05f6b56",
                "sha256:dec09759b3501e640e99d082208810e416847c6707e756f66ddf04b1411d7252",
                "sha256:e5228fb9492cab273f16c08acbf1776339334cffdef593784839944bad54784f"
            ],
            "markers": "python_version >= '3.6'",
            "version": "==2021.3.1.0"
        },
        "robotpy-wpiutil": {
            "hashes": [
                "sha256:04b3f891bd5edd1ed938837e4c6f73cf142b62d809673910107ed6b89f457d88",
                "sha256:0faa619cd29688dc804d7206cf9eb29ed9272f5fd7e9c7fca3ff4097adb115d8",
                "sha256:23d11770ed2d28fc755eca15a5cc9867fb4512a48930012afee0c0b78c64ef58",
                "sha256:2abee092cde6a85cbea2f977b3ac732b79cc6f0f244774962e1a9aab94ebcce1",
                "sha256:3d719a97f4543fa55c6d02eb13629a95ab1a94e8d4705b64b0baca2c20c2afd4",
                "sha256:47e3e1aa112c650c73aa95a6d016d932e22a37d55e8af7bc6d586da92d7226cd",
                "sha256:50a1158e99b96a107da955857273d606b3615f928d5e7ae112570d569e90ada6",
                "sha256:62b396c33f6c4ee197c461d6e2021c33ee9e7e3b2e815f45b2c04cdb229b8537",
                "sha256:676757a9c84068d5d8d7e6eb523404261d874fd46dff410886ee7c81a0b26851",
                "sha256:692382cc7d734cbcbcf2e68545bd6377d6675664fd261ccfc7bd2c3cb034b5e7",
                "sha256:902b8b3b925eacb94172f08bb9420e6dc02c53d4ead37c7fbbb0ee1e73d75301",
                "sha256:b5d24740dfa8addc2fc0602ae016621ea051e8f8e57537dcaf009f7a5cebec82",
                "sha256:ce577929ed10975a0ec0393ee6f7e2fc931f8c17a1e4a68ce2f4d67c4abaf48d",
                "sha256:d2be3ea62ca3ac1346fd61d83440e9378f7fd0d07a6c659f2056fa9596c354c5",
                "sha256:d9e4c2b1a234fbb02272ba37cab17bbf930deb955ebddb1a34539e94237af864",
                "sha256:e68a8aa0565a451e7c0e1fa64f8298b2f04e83a06886796edd611f84b11ab707",
                "sha256:f5b6099e8167cd090a5e9605f1989031e1d19015379277b2131b2830b57ff640"
            ],
            "markers": "python_version >= '3.6'",
            "version": "==2021.3.1.0"
        },
        "six": {
            "hashes": [
                "sha256:1e61c37477a1626458e36f7b1d82aa5c9b094fa4802892072e49de9c60c4c926",
                "sha256:8abb2f1d86890a2dfb989f9a77cfcfd3e47c2a354b01111771326f8aa26e0254"
            ],
            "markers": "python_version >= '2.7' and python_version not in '3.0, 3.1, 3.2'",
            "version": "==1.16.0"
        },
        "toml": {
            "hashes": [
                "sha256:806143ae5bfb6a3c6e736a764057db0e6a0e05e338b5630894a5f779cabb4f9b",
                "sha256:b3bda1d108d5dd99f4a20d24d9c348e91c4db7ab1b749200bded2f839ccbe68f"
            ],
            "markers": "python_version >= '2.6' and python_version not in '3.0, 3.1, 3.2'",
            "version": "==0.10.2"
        },
        "wpilib": {
            "hashes": [
                "sha256:09d25b531b1b663497ff675b39a8b03d6ccacf01c09f64117d837675d99f2c5e",
                "sha256:1b7d10246b8be291e02d2b5f0532ae3edec47a6065206aa8f9ef1de8c2bb3f95",
                "sha256:3773841ab908a445016daa02c8c18c3eb2e516332ebf5a3e9b2285447b925156",
                "sha256:37b7abf2acad5094f3482b6f5bee602c33814f4012cb8503d587ee26142cd6a3",
                "sha256:662338797eb8d79d2fd1fb2f9fed8211af55f21be0b743088b1a3d53422f4be9",
                "sha256:6f51ce32bd703f9084f7bb413c812341ab946c14875637fb583159d3fb2bd32d",
                "sha256:7bc0356f7fcfb8c901d4b69e83759694f891dd43da4e95fb34f3d59f964b1bbd",
                "sha256:81d86d408f344a29f5e80f5de95a9a99cf5b966b85cc358e413c229c400f4367",
                "sha256:96e30a4aff5860fbbd2b57fa63639ed6cf8a9efa8e3a156acf69327e4e46c7dc",
                "sha256:b57122302a6db652f13b3ae9a0a1892e1757780dbcb9ebd4b008581ea80a91a2",
                "sha256:c03505c5fb16118e3cedc9d07e0cacbe4852ec18ded8a542ede3f058ab44caaf",
                "sha256:c2ec5801919d8e64acf943fae3df71173abfd7bd4c6feebafdcb252e33edef2d",
                "sha256:c82d2ab092fea7bae5125814c2db06606ca153e4e8b870dc9e678243d333f9a4",
                "sha256:d2cbd2ba148cf20bea81a36d264580e0eecbe3fdaecccbeee6c778dd01957b9a",
                "sha256:df17366d3f87afc1fd45fd00833d5a55ac91453f13b11eac5317476197cb2b04",
                "sha256:f7a77c6a93e78dc6eb0bbef30360829d9f24d6df832a5f771d7a53b98a40b8cb",
                "sha256:f8d7177b2475ded6253cf2818dae55e226ea060dcd96ad406eaa7915ad3cb822"
            ],
            "markers": "python_version >= '3.6'",
            "version": "==2021.3.1.0"
        }
    },
    "develop": {}
}
